{
  "nodes": {
    "agent-skills": {
      "flake": false,
      "locked": {
        "lastModified": 1790778919,
        "narHash": "sha256-pT27evAK8PZ7RTIGGHnSW+ahcEFn5MYs0o3k7qwxG74=",
        "ref": "refs/heads/main",
        "rev": "50c3fcf252bcdd5308398a9ed941f5280ef62e44",
        "revCount": 165,
        "type": "git",
        "url": "ssh://git@github.com/babarot/agent-skills"
      },
      "original": {
        "type": "git",
        "url": "ssh://git@github.com/babarot/agent-skills"
      }
    },
    "babarot": {
      "inputs": {
        "nixpkgs": [
          "nixpkgs"
        ]
      },
      "locked": {
        "lastModified": 1791188846,
        "narHash": "sha256-RaN0wMfpicM1k4en7q0ok5jjff4ByvAeplfZlZckjp8=",
        "owner": "babarot",
        "repo": "nur-packages",
        "rev": "3761499d06ed7ca302ea8d856e799ce31011556b",
        "type": "github"
      },
      "original": {
        "owner": "babarot",
        "repo": "nur-packages",
        "type": "github"
      }
    },
    "brew-src": {
      "flake": false,
      "locked": {
        "lastModified": 1789661079,
        "narHash": "sha256-geVTQ51PGZ1mLULM5k7wO7qt/6xenOR/YG8X7Q3eCaI=",
        "owner": "Homebrew",
        "repo": "brew",
        "rev": "edb70f031e4170c780799633a1226ff73e1077f4",
        "type": "github"
      },
      "original": {
        "owner": "Homebrew",
        "ref": "7.0.4",
        "repo": "brew",
        "type": "github"
      }
    },
    "claude-image-view": {
      "flake": false,
      "locked": {
        "lastModified": 1791045118,
        "narHash": "sha256-WCJJrInTO6iOrcrFIm2adgg+3J0L8J+KNANanYSB3Rc=",
        "owner": "jarrodwatts",
        "repo": "claude-image-view",
        "rev": "b3c412bb6d167cafade79148e95f9114ee1aad7c",
        "type": "github"
      },
      "original": {
        "owner": "jarrodwatts",
        "repo": "claude-image-view",
        "type": "github"
      }
    },
    "crit": {
      "inputs": {
        "nixpkgs": [
          "nixpkgs"
        ]
      },
      "locked": {
        "lastModified": 1790260193,
        "narHash": "sha256-TonSGGVoW4FpU1Ub2TqRD55qZUXjuIreletgRGHPu0s=",
        "owner": "tomasz-tomczyk",
        "repo": "crit",
        "rev": "46122ebdf31cd4891115a548dfbf1156b630d5f4",
        "type": "github"
      },
      "original": {
        "owner": "tomasz-tomczyk",
        "ref": "v0.20.3",
        "repo": "crit",
        "type": "github"
      }
    },
    "deadlink": {
      "flake": false,
      "locked": {
        "lastModified": 1791167842,
        "narHash": "sha256-x/6IPWYyV/eR/TLpxIXkXVqe56DZEik2QCPoGhfsn1I=",
        "ref": "refs/heads/main",
        "rev": "7f500e4b907b1aa1f1aee0922fef51af8feb0858",
        "revCount": 1,
        "type": "git",
        "url": "https://gist.github.com/babarot/5a253e61a992d99a5a5834d092dd25cd.git"
      },
      "original": {
        "type": "git",
        "url": "https://gist.github.com/babarot/5a253e61a992d99a5a5834d092dd25cd.git"
      }
    },
    "enhancd": {
      "flake": false,
      "locked": {
        "lastModified": 1737684369,
        "narHash": "sha256-pKQbwiqE0KdmRDbHQcW18WfxyJSsKfymWt/TboY2iic=",
        "owner": "babarot",
        "repo": "enhancd",
        "rev": "5afb4eb6ba36c15821de6e39c0a7bb9d6b0ba415",
        "type": "github"
      },
      "original": {
        "owner": "babarot",
        "repo": "enhancd",
        "type": "github"
      }
    },
    "gist-ctl": {
      "flake": false,
      "locked": {
        "lastModified": 1791211631,
        "narHash": "sha256-Q9LbouL5Om5P9huyUilCnIuLK177L7mDqN9kIzAf5lw=",
        "ref": "refs/heads/main",
        "rev": "cf4a392920cfb582709037b96fa52705d4c86bb5",
        "revCount": 1,
        "type": "git",
        "url": "https://gist.github.com/babarot/0bf79c7778a99d6ac5298ae61ab4b953.git"
      },
      "original": {
        "type": "git",
        "url": "https://gist.github.com/babarot/0bf79c7778a99d6ac5298ae61ab4b953.git"
      }
    },
    "home-manager": {
      "inputs": {
        "nixpkgs": [
          "nixpkgs"
        ]
      },
      "locked": {
        "lastModified": 1790365885,
        "narHash": "sha256-iQ0ebhiVo64NktTnwft9hNxlFu4j5cvljVxyJaEVIP4=",
        "owner": "nix-community",
        "repo": "home-manager",
        "rev": "7b4c5ec4bedaf1e062bbc1bcaeddbc6bd242aa1b",
        "type": "github"
      },
      "original": {
        "owner": "nix-community",
        "repo": "home-manager",
        "type": "github"
      }
    },
    "nix-darwin": {
      "inputs": {
        "nixpkgs": [
          "nixpkgs"
        ]
      },
      "locked": {
        "lastModified": 1786845137,
        "narHash": "sha256-oQFip+v0luP8NIxJzmiW4Wu8bILsbFWom5l0zonl8hQ=",
        "owner": "nix-darwin",
        "repo": "nix-darwin",
        "rev": "4cff07de74b50e64bdd68cd4e722ab5b6b35ee48",
        "type": "github"
      },
      "original": {
        "owner": "nix-darwin",
        "ref": "master",
        "repo": "nix-darwin",
        "type": "github"
      }
    },
    "nix-homebrew": {
      "inputs": {
        "brew-src": "brew-src"
      },
      "locked": {
        "lastModified": 1789928041,
        "narHash": "sha256-iV37ieTcE4ZLOYEe0VznW6dWMBe4lEL8AbK1vblyZGM=",
        "owner": "zhaofengli",
        "repo": "nix-homebrew",
        "rev": "c11cccfdd36dd69b5323d70d354b2853379c2426",
        "type": "github"
      },
      "original": {
        "owner": "zhaofengli",
        "repo": "nix-homebrew",
        "type": "github"
      }
    },
    "nixpkgs": {
      "locked": {
        "lastModified": 1790652569,
        "narHash": "sha256-641r7xrlSOHYoktL9/aArPIYNgZJ9eM5URzSEOtPJDY=",
        "owner": "NixOS",
        "repo": "nixpkgs",
        "rev": "b6c8664de9b6cc07fe5666a29f91884ba81197c4",
        "type": "github"
      },
      "original": {
        "owner": "NixOS",
        "ref": "nixpkgs-unstable",
        "repo": "nixpkgs",
        "type": "github"
      }
    },
    "repo-cleanup": {
      "flake": false,
      "locked": {
        "lastModified": 1791207384,
        "narHash": "sha256-LoeSdGJogt/qqUe80exW/UKPULmrhbDNBoI6axIdL1k=",
        "ref": "refs/heads/main",
        "rev": "5fbed61bfa378f823df86e55c05af762c98a435a",
        "revCount": 1,
        "type": "git",
        "url": "https://gist.github.com/babarot/c2c3436e248b21ee3c542dc3b8ead46a.git"
      },
      "original": {
        "type": "git",
        "url": "https://gist.github.com/babarot/c2c3436e248b21ee3c542dc3b8ead46a.git"
      }
    },
    "root": {
      "inputs": {
        "agent-skills": "agent-skills",
        "babarot": "babarot",
        "claude-image-view": "claude-image-view",
        "crit": "crit",
        "deadlink": "deadlink",
        "enhancd": "enhancd",
        "gist-ctl": "gist-ctl",
        "home-manager": "home-manager",
        "nix-darwin": "nix-darwin",
        "nix-homebrew": "nix-homebrew",
        "nixpkgs": "nixpkgs",
        "repo-cleanup": "repo-cleanup",
        "treefmt-nix": "treefmt-nix",
        "zsh-mini-prompt": "zsh-mini-prompt"
      }
    },
    "treefmt-nix": {
      "inputs": {
        "nixpkgs": [
          "nixpkgs"
        ]
      },
      "locked": {
        "lastModified": 1786901030,
        "narHash": "sha256-WSFCsDSE5ffgD2MqzkM2CYjeFiKhRF/dJUN8uedb6YE=",
        "owner": "numtide",
        "repo": "treefmt-nix",
        "rev": "27b3b12a8e6375f28ebe122f07d230ca5459bbfa",
        "type": "github"
      },
      "original": {
        "owner": "numtide",
        "repo": "treefmt-nix",
        "type": "github"
      }
    },
    "zsh-mini-prompt": {
      "flake": false,
      "locked": {
        "lastModified": 1791186750,
        "narHash": "sha256-AgW2PRXcZZv2bZSM41cP9M+MA8g2llQKZCynde9ge2Y=",
        "owner": "babarot",
        "repo": "zsh-mini-prompt",
        "rev": "b45fe484f82c3257e8e73b42959a7b6a98a71501",
        "type": "github"
      },
      "original": {
        "owner": "babarot",
        "repo": "zsh-mini-prompt",
        "type": "github"
      }
    }
  },
  "root": "root",
  "version": 7
}
