{
  "nodes": {
    "agent-skills": {
      "flake": false,
      "locked": {
        "lastModified": 1790778919,
        "narHash": "sha256-pT27evAK8PZ7RTIGGHnSW+ahcEFn5MYs0o3k7qwxG74=",
        "ref": "refs/heads/main",
        "rev": "50c3fcf252bcdd5308398a9ed941f5280ef62e44",
        "revCount": 165,
        "type": "git",
        "url": "ssh://git@github.com/babarot/agent-skills"
      },
      "original": {
        "type": "git",
        "url": "ssh://git@github.com/babarot/agent-skills"
      }
    },
    "babarot": {
      "inputs": {
        "nixpkgs": [
          "nixpkgs"
        ]
      },
      "locked": {
        "lastModified": 1790765508,
        "narHash": "sha256-nJltUqJzxKzp1ZNZO4l3jsdjRUNWSVLmxDLNnRT1/FE=",
        "owner": "babarot",
        "repo": "nur-packages",
        "rev": "1667ff56f4061217bdde6dedf7feb6c763cab65f",
        "type": "github"
      },
      "original": {
        "owner": "babarot",
        "repo": "nur-packages",
        "type": "github"
      }
    },
    "brew-src": {
      "flake": false,
      "locked": {
        "lastModified": 1789661079,
        "narHash": "sha256-geVTQ51PGZ1mLULM5k7wO7qt/6xenOR/YG8X7Q3eCaI=",
        "owner": "Homebrew",
        "repo": "brew",
        "rev": "edb70f031e4170c780799633a1226ff73e1077f4",
        "type": "github"
      },
      "original": {
        "owner": "Homebrew",
        "ref": "7.0.4",
        "repo": "brew",
        "type": "github"
      }
    },
    "crit": {
      "inputs": {
        "nixpkgs": [
          "nixpkgs"
        ]
      },
      "locked": {
        "lastModified": 1790260193,
        "narHash": "sha256-TonSGGVoW4FpU1Ub2TqRD55qZUXjuIreletgRGHPu0s=",
        "owner": "tomasz-tomczyk",
        "repo": "crit",
        "rev": "46122ebdf31cd4891115a548dfbf1156b630d5f4",
        "type": "github"
      },
      "original": {
        "owner": "tomasz-tomczyk",
        "ref": "v0.20.3",
        "repo": "crit",
        "type": "github"
      }
    },
    "enhancd": {
      "flake": false,
      "locked": {
        "lastModified": 1737684369,
        "narHash": "sha256-pKQbwiqE0KdmRDbHQcW18WfxyJSsKfymWt/TboY2iic=",
        "owner": "babarot",
        "repo": "enhancd",
        "rev": "5afb4eb6ba36c15821de6e39c0a7bb9d6b0ba415",
        "type": "github"
      },
      "original": {
        "owner": "babarot",
        "repo": "enhancd",
        "type": "github"
      }
    },
    "home-manager": {
      "inputs": {
        "nixpkgs": [
          "nixpkgs"
        ]
      },
      "locked": {
        "lastModified": 1790365885,
        "narHash": "sha256-iQ0ebhiVo64NktTnwft9hNxlFu4j5cvljVxyJaEVIP4=",
        "owner": "nix-community",
        "repo": "home-manager",
        "rev": "7b4c5ec4bedaf1e062bbc1bcaeddbc6bd242aa1b",
        "type": "github"
      },
      "original": {
        "owner": "nix-community",
        "repo": "home-manager",
        "type": "github"
      }
    },
    "nix-darwin": {
      "inputs": {
        "nixpkgs": [
          "nixpkgs"
        ]
      },
      "locked": {
        "lastModified": 1786845137,
        "narHash": "sha256-oQFip+v0luP8NIxJzmiW4Wu8bILsbFWom5l0zonl8hQ=",
        "owner": "nix-darwin",
        "repo": "nix-darwin",
        "rev": "4cff07de74b50e64bdd68cd4e722ab5b6b35ee48",
        "type": "github"
      },
      "original": {
        "owner": "nix-darwin",
        "ref": "master",
        "repo": "nix-darwin",
        "type": "github"
      }
    },
    "nix-homebrew": {
      "inputs": {
        "brew-src": "brew-src"
      },
      "locked": {
        "lastModified": 1789928041,
        "narHash": "sha256-iV37ieTcE4ZLOYEe0VznW6dWMBe4lEL8AbK1vblyZGM=",
        "owner": "zhaofengli",
        "repo": "nix-homebrew",
        "rev": "c11cccfdd36dd69b5323d70d354b2853379c2426",
        "type": "github"
      },
      "original": {
        "owner": "zhaofengli",
        "repo": "nix-homebrew",
        "type": "github"
      }
    },
    "nixpkgs": {
      "locked": {
        "lastModified": 1790652569,
        "narHash": "sha256-641r7xrlSOHYoktL9/aArPIYNgZJ9eM5URzSEOtPJDY=",
        "owner": "NixOS",
        "repo": "nixpkgs",
        "rev": "b6c8664de9b6cc07fe5666a29f91884ba81197c4",
        "type": "github"
      },
      "original": {
        "owner": "NixOS",
        "ref": "nixpkgs-unstable",
        "repo": "nixpkgs",
        "type": "github"
      }
    },
    "root": {
      "inputs": {
        "agent-skills": "agent-skills",
        "babarot": "babarot",
        "crit": "crit",
        "enhancd": "enhancd",
        "home-manager": "home-manager",
        "nix-darwin": "nix-darwin",
        "nix-homebrew": "nix-homebrew",
        "nixpkgs": "nixpkgs",
        "tpm": "tpm",
        "treefmt-nix": "treefmt-nix",
        "za-prompt": "za-prompt"
      }
    },
    "tpm": {
      "flake": false,
      "locked": {
        "lastModified": 1779036064,
        "narHash": "sha256-oRKUZNyJYQXlkeQfbEYiltUEBpvdwn2SoEBWHVUNmrA=",
        "owner": "tmux-plugins",
        "repo": "tpm",
        "rev": "e261deb1b47614eed3400089ce7197dc68acc4eb",
        "type": "github"
      },
      "original": {
        "owner": "tmux-plugins",
        "repo": "tpm",
        "type": "github"
      }
    },
    "treefmt-nix": {
      "inputs": {
        "nixpkgs": [
          "nixpkgs"
        ]
      },
      "locked": {
        "lastModified": 1786901030,
        "narHash": "sha256-WSFCsDSE5ffgD2MqzkM2CYjeFiKhRF/dJUN8uedb6YE=",
        "owner": "numtide",
        "repo": "treefmt-nix",
        "rev": "27b3b12a8e6375f28ebe122f07d230ca5459bbfa",
        "type": "github"
      },
      "original": {
        "owner": "numtide",
        "repo": "treefmt-nix",
        "type": "github"
      }
    },
    "za-prompt": {
      "flake": false,
      "locked": {
        "lastModified": 1765646056,
        "narHash": "sha256-6wDe1mwFGBE5Trr8ZseWSW0uDRm2mxC2evEntfakb8k=",
        "owner": "babarot",
        "repo": "za-prompt",
        "rev": "67def409b2d99133efd8ee90bf85fe54effaa942",
        "type": "github"
      },
      "original": {
        "owner": "babarot",
        "repo": "za-prompt",
        "type": "github"
      }
    }
  },
  "root": "root",
  "version": 7
}
